
Microsoft Visual Studio Solution File, Format Version 12.00
# Visual Studio Version 16
VisualStudioVersion = 16.0.30804.86
MinimumVisualStudioVersion = 10.0.40219.1
Project("{FAE04EC0-301F-11D3-BF4B-00C04F79EFBC}") = "ClassMetotDemo", "ClassMetotDemo\ClassMetotDemo.csproj", "{08C29919-27EA-4AD0-B698-7E35A494DFEE}"
EndProject
Global
	GlobalSection(SolutionConfigurationPlatforms) = preSolution
		Debug|Any CPU = Debug|Any CPU
		Release|Any CPU = Release|Any CPU
	EndGlobalSection
	GlobalSection(ProjectConfigurationPlatforms) = postSolution
		{08C29919-27EA-4AD0-B698-7E35A494DFEE}.Debug|Any CPU.ActiveCfg = Debug|Any CPU
		{08C29919-27EA-4AD0-B698-7E35A494DFEE}.Debug|Any CPU.Build.0 = Debug|Any CPU
		{08C29919-27EA-4AD0-B698-7E35A494DFEE}.Release|Any CPU.ActiveCfg = Release|Any CPU
		{08C29919-27EA-4AD0-B698-7E35A494DFEE}.Release|Any CPU.Build.0 = Release|Any CPU
	EndGlobalSection
	GlobalSection(SolutionProperties) = preSolution
		HideSolutionNode = FALSE
	EndGlobalSection
	GlobalSection(ExtensibilityGlobals) = postSolution
		SolutionGuid = {F8875EC2-083F-447B-A688-6094E2EAE073}
	EndGlobalSection
EndGlobal
